<Solution>
  <Folder Name="/src/">
    <Project Path="src/AssetStore.App/AssetStore.App.csproj" />
    <Project Path="src/AssetStore.Cli/AssetStore.Cli.csproj" />
    <Project Path="src/AssetStore.Core/AssetStore.Core.csproj" />
  </Folder>
  <Folder Name="/tests/">
    <Project Path="tests/AssetStore.Core.Tests/AssetStore.Core.Tests.csproj" />
  </Folder>
</Solution>
